github.com/goodsign/monday v1.0.2 h1:k8kRMkCRVfCTWOU4dRfRgneQsWlB1+mJd3MxG0lGLzQ=
github.com/goodsign/monday v1.0.2/go.mod h1:r4T4breXpoFwspQNM+u2sLxJb2zyTaxVGqUfTBjWOu8=
github.com/magefile/mage v1.15.0 h1:BvGheCMAsG3bWUDbZ8AyXXpCNwU9u5CB6sM+HNb9HYg=
github.com/magefile/mage v1.15.0/go.mod h1:z5UZb/iS3GoOSn0JgWuiw7dxlurVYTu+/jHXqQg881A=
